// !$*UTF8*$!
{
	archiveVersion = 1;
	classes = {
	};
	objectVersion = 55;
	objects = {

/* Begin PBXBuildFile section */
		AE1E2E9E286C19A200EEC1DB /* MyIDViewController.swift in Sources */ = {isa = PBXBuildFile; fileRef = AE1E2E9C286C19A200EEC1DB /* MyIDViewController.swift */; };
		AE1E2E9F286C19A200EEC1DB /* MyIDViewController.xib in Resources */ = {isa = PBXBuildFile; fileRef = AE1E2E9D286C19A200EEC1DB /* MyIDViewController.xib */; };
		AEBD3ED02866E237009F32B7 /* AppDelegate.swift in Sources */ = {isa = PBXBuildFile; fileRef = AEBD3ECF2866E237009F32B7 /* AppDelegate.swift */; };
		AEBD3ED22866E237009F32B7 /* SceneDelegate.swift in Sources */ = {isa = PBXBuildFile; fileRef = AEBD3ED12866E237009F32B7 /* SceneDelegate.swift */; };
		AEBD3ED42866E237009F32B7 /* ViewController.swift in Sources */ = {isa = PBXBuildFile; fileRef = AEBD3ED32866E237009F32B7 /* ViewController.swift */; };
		AEBD3ED72866E237009F32B7 /* Main.storyboard in Resources */ = {isa = PBXBuildFile; fileRef = AEBD3ED52866E237009F32B7 /* Main.storyboard */; };
		AEBD3ED92866E239009F32B7 /* Assets.xcassets in Resources */ = {isa = PBXBuildFile; fileRef = AEBD3ED82866E239009F32B7 /* Assets.xcassets */; };
		AEBD3EDC2866E239009F32B7 /* LaunchScreen.storyboard in Resources */ = {isa = PBXBuildFile; fileRef = AEBD3EDA2866E239009F32B7 /* LaunchScreen.storyboard */; };
		AEBD3EE72866E239009F32B7 /* Setting_Clone_AppTests.swift in Sources */ = {isa = PBXBuildFile; fileRef = AEBD3EE62866E239009F32B7 /* Setting_Clone_AppTests.swift */; };
		AEBD3EF12866E239009F32B7 /* Setting_Clone_AppUITests.swift in Sources */ = {isa = PBXBuildFile; fileRef = AEBD3EF02866E239009F32B7 /* Setting_Clone_AppUITests.swift */; };
		AEBD3EF32866E239009F32B7 /* Setting_Clone_AppUITestsLaunchTests.swift in Sources */ = {isa = PBXBuildFile; fileRef = AEBD3EF22866E239009F32B7 /* Setting_Clone_AppUITestsLaunchTests.swift */; };
		AEBD3F012866EC19009F32B7 /* ProfileCell.swift in Sources */ = {isa = PBXBuildFile; fileRef = AEBD3EFF2866EC19009F32B7 /* ProfileCell.swift */; };
		AEBD3F022866EC19009F32B7 /* ProfileCell.xib in Resources */ = {isa = PBXBuildFile; fileRef = AEBD3F002866EC19009F32B7 /* ProfileCell.xib */; };
		AEBD3F05286ACE74009F32B7 /* MenuCell.swift in Sources */ = {isa = PBXBuildFile; fileRef = AEBD3F03286ACE73009F32B7 /* MenuCell.swift */; };
		AEBD3F06286ACE74009F32B7 /* MenuCell.xib in Resources */ = {isa = PBXBuildFile; fileRef = AEBD3F04286ACE74009F32B7 /* MenuCell.xib */; };
		AEBD3F08286AD5FD009F32B7 /* SettingModel.swift in Sources */ = {isa = PBXBuildFile; fileRef = AEBD3F07286AD5FD009F32B7 /* SettingModel.swift */; };
		AEBD3F0A286AE70E009F32B7 /* GeneralViewController.swift in Sources */ = {isa = PBXBuildFile; fileRef = AEBD3F09286AE70E009F32B7 /* GeneralViewController.swift */; };
		AEBD3F0D286AE872009F32B7 /* GeneralViewController.storyboard in Resources */ = {isa = PBXBuildFile; fileRef = AEBD3F0B286AE737009F32B7 /* GeneralViewController.storyboard */; };
/* End PBXBuildFile section */

/* Begin PBXContainerItemProxy section */
		AEBD3EE32866E239009F32B7 /* PBXContainerItemProxy */ = {
			isa = PBXContainerItemProxy;
			containerPortal = AEBD3EC42866E237009F32B7 /* Project object */;
			proxyType = 1;
			remoteGlobalIDString = AEBD3ECB2866E237009F32B7;
			remoteInfo = Setting_Clone_App;
		};
		AEBD3EED2866E239009F32B7 /* PBXContainerItemProxy */ = {
			isa = PBXContainerItemProxy;
			containerPortal = AEBD3EC42866E237009F32B7 /* Project object */;
			proxyType = 1;
			remoteGlobalIDString = AEBD3ECB2866E237009F32B7;
			remoteInfo = Setting_Clone_App;
		};
/* End PBXContainerItemProxy section */

/* Begin PBXFileReference section */
		AE1E2E9C286C19A200EEC1DB /* MyIDViewController.swift */ = {isa = PBXFileReference; lastKnownFileType = sourcecode.swift; path = MyIDViewController.swift; sourceTree = "<group>"; };
		AE1E2E9D286C19A200EEC1DB /* MyIDViewController.xib */ = {isa = PBXFileReference; lastKnownFileType = file.xib; path = MyIDViewController.xib; sourceTree = "<group>"; };
		AEBD3ECC2866E237009F32B7 /* Setting_Clone_App.app */ = {isa = PBXFileReference; explicitFileType = wrapper.application; includeInIndex = 0; path = Setting_Clone_App.app; sourceTree = BUILT_PRODUCTS_DIR; };
		AEBD3ECF2866E237009F32B7 /* AppDelegate.swift */ = {isa = PBXFileReference; lastKnownFileType = sourcecode.swift; path = AppDelegate.swift; sourceTree = "<group>"; };
		AEBD3ED12866E237009F32B7 /* SceneDelegate.swift */ = {isa = PBXFileReference; lastKnownFileType = sourcecode.swift; path = SceneDelegate.swift; sourceTree = "<group>"; };
		AEBD3ED32866E237009F32B7 /* ViewController.swift */ = {isa = PBXFileReference; lastKnownFileType = sourcecode.swift; path = ViewController.swift; sourceTree = "<group>"; };
		AEBD3ED62866E237009F32B7 /* Base */ = {isa = PBXFileReference; lastKnownFileType = file.storyboard; name = Base; path = Base.lproj/Main.storyboard; sourceTree = "<group>"; };
		AEBD3ED82866E239009F32B7 /* Assets.xcassets */ = {isa = PBXFileReference; lastKnownFileType = folder.assetcatalog; path = Assets.xcassets; sourceTree = "<group>"; };
		AEBD3EDB2866E239009F32B7 /* Base */ = {isa = PBXFileReference; lastKnownFileType = file.storyboard; name = Base; path = Base.lproj/LaunchScreen.storyboard; sourceTree = "<group>"; };
		AEBD3EDD2866E239009F32B7 /* Info.plist */ = {isa = PBXFileReference; lastKnownFileType = text.plist.xml; path = Info.plist; sourceTree = "<group>"; };
		AEBD3EE22866E239009F32B7 /* Setting_Clone_AppTests.xctest */ = {isa = PBXFileReference; explicitFileType = wrapper.cfbundle; includeInIndex = 0; path = Setting_Clone_AppTests.xctest; sourceTree = BUILT_PRODUCTS_DIR; };
		AEBD3EE62866E239009F32B7 /* Setting_Clone_AppTests.swift */ = {isa = PBXFileReference; lastKnownFileType = sourcecode.swift; path = Setting_Clone_AppTests.swift; sourceTree = "<group>"; };
		AEBD3EEC2866E239009F32B7 /* Setting_Clone_AppUITests.xctest */ = {isa = PBXFileReference; explicitFileType = wrapper.cfbundle; includeInIndex = 0; path = Setting_Clone_AppUITests.xctest; sourceTree = BUILT_PRODUCTS_DIR; };
		AEBD3EF02866E239009F32B7 /* Setting_Clone_AppUITests.swift */ = {isa = PBXFileReference; lastKnownFileType = sourcecode.swift; path = Setting_Clone_AppUITests.swift; sourceTree = "<group>"; };
		AEBD3EF22866E239009F32B7 /* Setting_Clone_AppUITestsLaunchTests.swift */ = {isa = PBXFileReference; lastKnownFileType = sourcecode.swift; path = Setting_Clone_AppUITestsLaunchTests.swift; sourceTree = "<group>"; };
		AEBD3EFF2866EC19009F32B7 /* ProfileCell.swift */ = {isa = PBXFileReference; lastKnownFileType = sourcecode.swift; path = ProfileCell.swift; sourceTree = "<group>"; };
		AEBD3F002866EC19009F32B7 /* ProfileCell.xib */ = {isa = PBXFileReference; lastKnownFileType = file.xib; path = ProfileCell.xib; sourceTree = "<group>"; };
		AEBD3F03286ACE73009F32B7 /* MenuCell.swift */ = {isa = PBXFileReference; lastKnownFileType = sourcecode.swift; path = MenuCell.swift; sourceTree = "<group>"; };
		AEBD3F04286ACE74009F32B7 /* MenuCell.xib */ = {isa = PBXFileReference; lastKnownFileType = file.xib; path = MenuCell.xib; sourceTree = "<group>"; };
		AEBD3F07286AD5FD009F32B7 /* SettingModel.swift */ = {isa = PBXFileReference; lastKnownFileType = sourcecode.swift; path = SettingModel.swift; sourceTree = "<group>"; };
		AEBD3F09286AE70E009F32B7 /* GeneralViewController.swift */ = {isa = PBXFileReference; lastKnownFileType = sourcecode.swift; path = GeneralViewController.swift; sourceTree = "<group>"; };
		AEBD3F0B286AE737009F32B7 /* GeneralViewController.storyboard */ = {isa = PBXFileReference; lastKnownFileType = file.storyboard; path = GeneralViewController.storyboard; sourceTree = "<group>"; };
/* End PBXFileReference section */

/* Begin PBXFrameworksBuildPhase section */
		AEBD3EC92866E237009F32B7 /* Frameworks */ = {
			isa = PBXFrameworksBuildPhase;
			buildActionMask = 2147483647;
			files = (
			);
			runOnlyForDeploymentPostprocessing = 0;
		};
		AEBD3EDF2866E239009F32B7 /* Frameworks */ = {
			isa = PBXFrameworksBuildPhase;
			buildActionMask = 2147483647;
			files = (
			);
			runOnlyForDeploymentPostprocessing = 0;
		};
		AEBD3EE92866E239009F32B7 /* Frameworks */ = {
			isa = PBXFrameworksBuildPhase;
			buildActionMask = 2147483647;
			files = (
			);
			runOnlyForDeploymentPostprocessing = 0;
		};
/* End PBXFrameworksBuildPhase section */

/* Begin PBXGroup section */
		AEBD3EC32866E237009F32B7 = {
			isa = PBXGroup;
			children = (
				AEBD3ECE2866E237009F32B7 /* Setting_Clone_App */,
				AEBD3EE52866E239009F32B7 /* Setting_Clone_AppTests */,
				AEBD3EEF2866E239009F32B7 /* Setting_Clone_AppUITests */,
				AEBD3ECD2866E237009F32B7 /* Products */,
			);
			sourceTree = "<group>";
		};
		AEBD3ECD2866E237009F32B7 /* Products */ = {
			isa = PBXGroup;
			children = (
				AEBD3ECC2866E237009F32B7 /* Setting_Clone_App.app */,
				AEBD3EE22866E239009F32B7 /* Setting_Clone_AppTests.xctest */,
				AEBD3EEC2866E239009F32B7 /* Setting_Clone_AppUITests.xctest */,
			);
			name = Products;
			sourceTree = "<group>";
		};
		AEBD3ECE2866E237009F32B7 /* Setting_Clone_App */ = {
			isa = PBXGroup;
			children = (
				AEBD3ECF2866E237009F32B7 /* AppDelegate.swift */,
				AEBD3ED12866E237009F32B7 /* SceneDelegate.swift */,
				AEBD3ED32866E237009F32B7 /* ViewController.swift */,
				AEBD3F07286AD5FD009F32B7 /* SettingModel.swift */,
				AEBD3ED52866E237009F32B7 /* Main.storyboard */,
				AEBD3EDA2866E239009F32B7 /* LaunchScreen.storyboard */,
				AEBD3ED82866E239009F32B7 /* Assets.xcassets */,
				AEBD3EDD2866E239009F32B7 /* Info.plist */,
				AEBD3F09286AE70E009F32B7 /* GeneralViewController.swift */,
				AEBD3F0B286AE737009F32B7 /* GeneralViewController.storyboard */,
				AE1E2E9C286C19A200EEC1DB /* MyIDViewController.swift */,
				AE1E2E9D286C19A200EEC1DB /* MyIDViewController.xib */,
				AEBD3F03286ACE73009F32B7 /* MenuCell.swift */,
				AEBD3F04286ACE74009F32B7 /* MenuCell.xib */,
				AEBD3EFF2866EC19009F32B7 /* ProfileCell.swift */,
				AEBD3F002866EC19009F32B7 /* ProfileCell.xib */,
			);
			path = Setting_Clone_App;
			sourceTree = "<group>";
		};
		AEBD3EE52866E239009F32B7 /* Setting_Clone_AppTests */ = {
			isa = PBXGroup;
			children = (
				AEBD3EE62866E239009F32B7 /* Setting_Clone_AppTests.swift */,
			);
			path = Setting_Clone_AppTests;
			sourceTree = "<group>";
		};
		AEBD3EEF2866E239009F32B7 /* Setting_Clone_AppUITests */ = {
			isa = PBXGroup;
			children = (
				AEBD3EF02866E239009F32B7 /* Setting_Clone_AppUITests.swift */,
				AEBD3EF22866E239009F32B7 /* Setting_Clone_AppUITestsLaunchTests.swift */,
			);
			path = Setting_Clone_AppUITests;
			sourceTree = "<group>";
		};
/* End PBXGroup section */

/* Begin PBXNativeTarget section */
		AEBD3ECB2866E237009F32B7 /* Setting_Clone_App */ = {
			isa = PBXNativeTarget;
			buildConfigurationList = AEBD3EF62866E239009F32B7 /* Build configuration list for PBXNativeTarget "Setting_Clone_App" */;
			buildPhases = (
				AEBD3EC82866E237009F32B7 /* Sources */,
				AEBD3EC92866E237009F32B7 /* Frameworks */,
				AEBD3ECA2866E237009F32B7 /* Resources */,
			);
			buildRules = (
			);
			dependencies = (
			);
			name = Setting_Clone_App;
			productName = Setting_Clone_App;
			productReference = AEBD3ECC2866E237009F32B7 /* Setting_Clone_App.app */;
			productType = "com.apple.product-type.application";
		};
		AEBD3EE12866E239009F32B7 /* Setting_Clone_AppTests */ = {
			isa = PBXNativeTarget;
			buildConfigurationList = AEBD3EF92866E239009F32B7 /* Build configuration list for PBXNativeTarget "Setting_Clone_AppTests" */;
			buildPhases = (
				AEBD3EDE2866E239009F32B7 /* Sources */,
				AEBD3EDF2866E239009F32B7 /* Frameworks */,
				AEBD3EE02866E239009F32B7 /* Resources */,
			);
			buildRules = (
			);
			dependencies = (
				AEBD3EE42866E239009F32B7 /* PBXTargetDependency */,
			);
			name = Setting_Clone_AppTests;
			productName = Setting_Clone_AppTests;
			productReference = AEBD3EE22866E239009F32B7 /* Setting_Clone_AppTests.xctest */;
			productType = "com.apple.product-type.bundle.unit-test";
		};
		AEBD3EEB2866E239009F32B7 /* Setting_Clone_AppUITests */ = {
			isa = PBXNativeTarget;
			buildConfigurationList = AEBD3EFC2866E239009F32B7 /* Build configuration list for PBXNativeTarget "Setting_Clone_AppUITests" */;
			buildPhases = (
				AEBD3EE82866E239009F32B7 /* Sources */,
				AEBD3EE92866E239009F32B7 /* Frameworks */,
				AEBD3EEA2866E239009F32B7 /* Resources */,
			);
			buildRules = (
			);
			dependencies = (
				AEBD3EEE2866E239009F32B7 /* PBXTargetDependency */,
			);
			name = Setting_Clone_AppUITests;
			productName = Setting_Clone_AppUITests;
			productReference = AEBD3EEC2866E239009F32B7 /* Setting_Clone_AppUITests.xctest */;
			productType = "com.apple.product-type.bundle.ui-testing";
		};
/* End PBXNativeTarget section */

/* Begin PBXProject section */
		AEBD3EC42866E237009F32B7 /* Project object */ = {
			isa = PBXProject;
			attributes = {
				BuildIndependentTargetsInParallel = 1;
				LastSwiftUpdateCheck = 1340;
				LastUpgradeCheck = 1340;
				TargetAttributes = {
					AEBD3ECB2866E237009F32B7 = {
						CreatedOnToolsVersion = 13.4.1;
					};
					AEBD3EE12866E239009F32B7 = {
						CreatedOnToolsVersion = 13.4.1;
						TestTargetID = AEBD3ECB2866E237009F32B7;
					};
					AEBD3EEB2866E239009F32B7 = {
						CreatedOnToolsVersion = 13.4.1;
						TestTargetID = AEBD3ECB2866E237009F32B7;
					};
				};
			};
			buildConfigurationList = AEBD3EC72866E237009F32B7 /* Build configuration list for PBXProject "Setting_Clone_App" */;
			compatibilityVersion = "Xcode 13.0";
			developmentRegion = en;
			hasScannedForEncodings = 0;
			knownRegions = (
				en,
				Base,
			);
			mainGroup = AEBD3EC32866E237009F32B7;
			productRefGroup = AEBD3ECD2866E237009F32B7 /* Products */;
			projectDirPath = "";
			projectRoot = "";
			targets = (
				AEBD3ECB2866E237009F32B7 /* Setting_Clone_App */,
				AEBD3EE12866E239009F32B7 /* Setting_Clone_AppTests */,
				AEBD3EEB2866E239009F32B7 /* Setting_Clone_AppUITests */,
			);
		};
/* End PBXProject section */

/* Begin PBXResourcesBuildPhase section */
		AEBD3ECA2866E237009F32B7 /* Resources */ = {
			isa = PBXResourcesBuildPhase;
			buildActionMask = 2147483647;
			files = (
				AEBD3F0D286AE872009F32B7 /* GeneralViewController.storyboard in Resources */,
				AEBD3EDC2866E239009F32B7 /* LaunchScreen.storyboard in Resources */,
				AEBD3F022866EC19009F32B7 /* ProfileCell.xib in Resources */,
				AEBD3F06286ACE74009F32B7 /* MenuCell.xib in Resources */,
				AE1E2E9F286C19A200EEC1DB /* MyIDViewController.xib in Resources */,
				AEBD3ED92866E239009F32B7 /* Assets.xcassets in Resources */,
				AEBD3ED72866E237009F32B7 /* Main.storyboard in Resources */,
			);
			runOnlyForDeploymentPostprocessing = 0;
		};
		AEBD3EE02866E239009F32B7 /* Resources */ = {
			isa = PBXResourcesBuildPhase;
			buildActionMask = 2147483647;
			files = (
			);
			runOnlyForDeploymentPostprocessing = 0;
		};
		AEBD3EEA2866E239009F32B7 /* Resources */ = {
			isa = PBXResourcesBuildPhase;
			buildActionMask = 2147483647;
			files = (
			);
			runOnlyForDeploymentPostprocessing = 0;
		};
/* End PBXResourcesBuildPhase section */

/* Begin PBXSourcesBuildPhase section */
		AEBD3EC82866E237009F32B7 /* Sources */ = {
			isa = PBXSourcesBuildPhase;
			buildActionMask = 2147483647;
			files = (
				AEBD3ED42866E237009F32B7 /* ViewController.swift in Sources */,
				AEBD3F0A286AE70E009F32B7 /* GeneralViewController.swift in Sources */,
				AEBD3F05286ACE74009F32B7 /* MenuCell.swift in Sources */,
				AEBD3F08286AD5FD009F32B7 /* SettingModel.swift in Sources */,
				AEBD3F012866EC19009F32B7 /* ProfileCell.swift in Sources */,
				AE1E2E9E286C19A200EEC1DB /* MyIDViewController.swift in Sources */,
				AEBD3ED02866E237009F32B7 /* AppDelegate.swift in Sources */,
				AEBD3ED22866E237009F32B7 /* SceneDelegate.swift in Sources */,
			);
			runOnlyForDeploymentPostprocessing = 0;
		};
		AEBD3EDE2866E239009F32B7 /* Sources */ = {
			isa = PBXSourcesBuildPhase;
			buildActionMask = 2147483647;
			files = (
				AEBD3EE72866E239009F32B7 /* Setting_Clone_AppTests.swift in Sources */,
			);
			runOnlyForDeploymentPostprocessing = 0;
		};
		AEBD3EE82866E239009F32B7 /* Sources */ = {
			isa = PBXSourcesBuildPhase;
			buildActionMask = 2147483647;
			files = (
				AEBD3EF12866E239009F32B7 /* Setting_Clone_AppUITests.swift in Sources */,
				AEBD3EF32866E239009F32B7 /* Setting_Clone_AppUITestsLaunchTests.swift in Sources */,
			);
			runOnlyForDeploymentPostprocessing = 0;
		};
/* End PBXSourcesBuildPhase section */

/* Begin PBXTargetDependency section */
		AEBD3EE42866E239009F32B7 /* PBXTargetDependency */ = {
			isa = PBXTargetDependency;
			target = AEBD3ECB2866E237009F32B7 /* Setting_Clone_App */;
			targetProxy = AEBD3EE32866E239009F32B7 /* PBXContainerItemProxy */;
		};
		AEBD3EEE2866E239009F32B7 /* PBXTargetDependency */ = {
			isa = PBXTargetDependency;
			target = AEBD3ECB2866E237009F32B7 /* Setting_Clone_App */;
			targetProxy = AEBD3EED2866E239009F32B7 /* PBXContainerItemProxy */;
		};
/* End PBXTargetDependency section */

/* Begin PBXVariantGroup section */
		AEBD3ED52866E237009F32B7 /* Main.storyboard */ = {
			isa = PBXVariantGroup;
			children = (
				AEBD3ED62866E237009F32B7 /* Base */,
			);
			name = Main.storyboard;
			sourceTree = "<group>";
		};
		AEBD3EDA2866E239009F32B7 /* LaunchScreen.storyboard */ = {
			isa = PBXVariantGroup;
			children = (
				AEBD3EDB2866E239009F32B7 /* Base */,
			);
			name = LaunchScreen.storyboard;
			sourceTree = "<group>";
		};
/* End PBXVariantGroup section */

/* Begin XCBuildConfiguration section */
		AEBD3EF42866E239009F32B7 /* Debug */ = {
			isa = XCBuildConfiguration;
			buildSettings = {
				ALWAYS_SEARCH_USER_PATHS = NO;
				CLANG_ANALYZER_NONNULL = YES;
				CLANG_ANALYZER_NUMBER_OBJECT_CONVERSION = YES_AGGRESSIVE;
				CLANG_CXX_LANGUAGE_STANDARD = "gnu++17";
				CLANG_ENABLE_MODULES = YES;
				CLANG_ENABLE_OBJC_ARC = YES;
				CLANG_ENABLE_OBJC_WEAK = YES;
				CLANG_WARN_BLOCK_CAPTURE_AUTORELEASING = YES;
				CLANG_WARN_BOOL_CONVERSION = YES;
				CLANG_WARN_COMMA = YES;
				CLANG_WARN_CONSTANT_CONVERSION = YES;
				CLANG_WARN_DEPRECATED_OBJC_IMPLEMENTATIONS = YES;
				CLANG_WARN_DIRECT_OBJC_ISA_USAGE = YES_ERROR;
				CLANG_WARN_DOCUMENTATION_COMMENTS = YES;
				CLANG_WARN_EMPTY_BODY = YES;
				CLANG_WARN_ENUM_CONVERSION = YES;
				CLANG_WARN_INFINITE_RECURSION = YES;
				CLANG_WARN_INT_CONVERSION = YES;
				CLANG_WARN_NON_LITERAL_NULL_CONVERSION = YES;
				CLANG_WARN_OBJC_IMPLICIT_RETAIN_SELF = YES;
				CLANG_WARN_OBJC_LITERAL_CONVERSION = YES;
				CLANG_WARN_OBJC_ROOT_CLASS = YES_ERROR;
				CLANG_WARN_QUOTED_INCLUDE_IN_FRAMEWORK_HEADER = YES;
				CLANG_WARN_RANGE_LOOP_ANALYSIS = YES;
				CLANG_WARN_STRICT_PROTOTYPES = YES;
				CLANG_WARN_SUSPICIOUS_MOVE = YES;
				CLANG_WARN_UNGUARDED_AVAILABILITY = YES_AGGRESSIVE;
				CLANG_WARN_UNREACHABLE_CODE = YES;
				CLANG_WARN__DUPLICATE_METHOD_MATCH = YES;
				COPY_PHASE_STRIP = NO;
				DEBUG_INFORMATION_FORMAT = dwarf;
				ENABLE_STRICT_OBJC_MSGSEND = YES;
				ENABLE_TESTABILITY = YES;
				GCC_C_LANGUAGE_STANDARD = gnu11;
				GCC_DYNAMIC_NO_PIC = NO;
				GCC_NO_COMMON_BLOCKS = YES;
				GCC_OPTIMIZATION_LEVEL = 0;
				GCC_PREPROCESSOR_DEFINITIONS = (
					"DEBUG=1",
					"$(inherited)",
				);
				GCC_WARN_64_TO_32_BIT_CONVERSION = YES;
				GCC_WARN_ABOUT_RETURN_TYPE = YES_ERROR;
				GCC_WARN_UNDECLARED_SELECTOR = YES;
				GCC_WARN_UNINITIALIZED_AUTOS = YES_AGGRESSIVE;
				GCC_WARN_UNUSED_FUNCTION = YES;
				GCC_WARN_UNUSED_VARIABLE = YES;
				IPHONEOS_DEPLOYMENT_TARGET = 14.4;
				MTL_ENABLE_DEBUG_INFO = INCLUDE_SOURCE;
				MTL_FAST_MATH = YES;
				ONLY_ACTIVE_ARCH = YES;
				SDKROOT = iphoneos;
				SWIFT_ACTIVE_COMPILATION_CONDITIONS = DEBUG;
				SWIFT_OPTIMIZATION_LEVEL = "-Onone";
			};
			name = Debug;
		};
		AEBD3EF52866E239009F32B7 /* Release */ = {
			isa = XCBuildConfiguration;
			buildSettings = {
				ALWAYS_SEARCH_USER_PATHS = NO;
				CLANG_ANALYZER_NONNULL = YES;
				CLANG_ANALYZER_NUMBER_OBJECT_CONVERSION = YES_AGGRESSIVE;
				CLANG_CXX_LANGUAGE_STANDARD = "gnu++17";
				CLANG_ENABLE_MODULES = YES;
				CLANG_ENABLE_OBJC_ARC = YES;
				CLANG_ENABLE_OBJC_WEAK = YES;
				CLANG_WARN_BLOCK_CAPTURE_AUTORELEASING = YES;
				CLANG_WARN_BOOL_CONVERSION = YES;
				CLANG_WARN_COMMA = YES;
				CLANG_WARN_CONSTANT_CONVERSION = YES;
				CLANG_WARN_DEPRECATED_OBJC_IMPLEMENTATIONS = YES;
				CLANG_WARN_DIRECT_OBJC_ISA_USAGE = YES_ERROR;
				CLANG_WARN_DOCUMENTATION_COMMENTS = YES;
				CLANG_WARN_EMPTY_BODY = YES;
				CLANG_WARN_ENUM_CONVERSION = YES;
				CLANG_WARN_INFINITE_RECURSION = YES;
				CLANG_WARN_INT_CONVERSION = YES;
				CLANG_WARN_NON_LITERAL_NULL_CONVERSION = YES;
				CLANG_WARN_OBJC_IMPLICIT_RETAIN_SELF = YES;
				CLANG_WARN_OBJC_LITERAL_CONVERSION = YES;
				CLANG_WARN_OBJC_ROOT_CLASS = YES_ERROR;
				CLANG_WARN_QUOTED_INCLUDE_IN_FRAMEWORK_HEADER = YES;
				CLANG_WARN_RANGE_LOOP_ANALYSIS = YES;
				CLANG_WARN_STRICT_PROTOTYPES = YES;
				CLANG_WARN_SUSPICIOUS_MOVE = YES;
				CLANG_WARN_UNGUARDED_AVAILABILITY = YES_AGGRESSIVE;
				CLANG_WARN_UNREACHABLE_CODE = YES;
				CLANG_WARN__DUPLICATE_METHOD_MATCH = YES;
				COPY_PHASE_STRIP = NO;
				DEBUG_INFORMATION_FORMAT = "dwarf-with-dsym";
				ENABLE_NS_ASSERTIONS = NO;
				ENABLE_STRICT_OBJC_MSGSEND = YES;
				GCC_C_LANGUAGE_STANDARD = gnu11;
				GCC_NO_COMMON_BLOCKS = YES;
				GCC_WARN_64_TO_32_BIT_CONVERSION = YES;
				GCC_WARN_ABOUT_RETURN_TYPE = YES_ERROR;
				GCC_WARN_UNDECLARED_SELECTOR = YES;
				GCC_WARN_UNINITIALIZED_AUTOS = YES_AGGRESSIVE;
				GCC_WARN_UNUSED_FUNCTION = YES;
				GCC_WARN_UNUSED_VARIABLE = YES;
				IPHONEOS_DEPLOYMENT_TARGET = 14.4;
				MTL_ENABLE_DEBUG_INFO = NO;
				MTL_FAST_MATH = YES;
				SDKROOT = iphoneos;
				SWIFT_COMPILATION_MODE = wholemodule;
				SWIFT_OPTIMIZATION_LEVEL = "-O";
				VALIDATE_PRODUCT = YES;
			};
			name = Release;
		};
		AEBD3EF72866E239009F32B7 /* Debug */ = {
			isa = XCBuildConfiguration;
			buildSettings = {
				ASSETCATALOG_COMPILER_APPICON_NAME = AppIcon;
				ASSETCATALOG_COMPILER_GLOBAL_ACCENT_COLOR_NAME = AccentColor;
				CODE_SIGN_STYLE = Automatic;
				CURRENT_PROJECT_VERSION = 1;
				GENERATE_INFOPLIST_FILE = YES;
				INFOPLIST_FILE = Setting_Clone_App/Info.plist;
				INFOPLIST_KEY_UIApplicationSupportsIndirectInputEvents = YES;
				INFOPLIST_KEY_UILaunchStoryboardName = LaunchScreen;
				INFOPLIST_KEY_UIMainStoryboardFile = Main;
				INFOPLIST_KEY_UISupportedInterfaceOrientations = "UIInterfaceOrientationPortrait UIInterfaceOrientationLandscapeLeft UIInterfaceOrientationLandscapeRight";
				INFOPLIST_KEY_UISupportedInterfaceOrientations_iPad = "UIInterfaceOrientationPortrait UIInterfaceOrientationPortraitUpsideDown UIInterfaceOrientationLandscapeLeft UIInterfaceOrientationLandscapeRight";
				INFOPLIST_KEY_UISupportedInterfaceOrientations_iPhone = "UIInterfaceOrientationPortrait UIInterfaceOrientationLandscapeLeft UIInterfaceOrientationLandscapeRight";
				LD_RUNPATH_SEARCH_PATHS = (
					"$(inherited)",
					"@executable_path/Frameworks",
				);
				MARKETING_VERSION = 1.0;
				PRODUCT_BUNDLE_IDENTIFIER = "yeojin.test.Setting-Clone-App";
				PRODUCT_NAME = "$(TARGET_NAME)";
				SWIFT_EMIT_LOC_STRINGS = YES;
				SWIFT_VERSION = 5.0;
				TARGETED_DEVICE_FAMILY = "1,2";
			};
			name = Debug;
		};
		AEBD3EF82866E239009F32B7 /* Release */ = {
			isa = XCBuildConfiguration;
			buildSettings = {
				ASSETCATALOG_COMPILER_APPICON_NAME = AppIcon;
				ASSETCATALOG_COMPILER_GLOBAL_ACCENT_COLOR_NAME = AccentColor;
				CODE_SIGN_STYLE = Automatic;
				CURRENT_PROJECT_VERSION = 1;
				GENERATE_INFOPLIST_FILE = YES;
				INFOPLIST_FILE = Setting_Clone_App/Info.plist;
				INFOPLIST_KEY_UIApplicationSupportsIndirectInputEvents = YES;
				INFOPLIST_KEY_UILaunchStoryboardName = LaunchScreen;
				INFOPLIST_KEY_UIMainStoryboardFile = Main;
				INFOPLIST_KEY_UISupportedInterfaceOrientations = "UIInterfaceOrientationPortrait UIInterfaceOrientationLandscapeLeft UIInterfaceOrientationLandscapeRight";
				INFOPLIST_KEY_UISupportedInterfaceOrientations_iPad = "UIInterfaceOrientationPortrait UIInterfaceOrientationPortraitUpsideDown UIInterfaceOrientationLandscapeLeft UIInterfaceOrientationLandscapeRight";
				INFOPLIST_KEY_UISupportedInterfaceOrientations_iPhone = "UIInterfaceOrientationPortrait UIInterfaceOrientationLandscapeLeft UIInterfaceOrientationLandscapeRight";
				LD_RUNPATH_SEARCH_PATHS = (
					"$(inherited)",
					"@executable_path/Frameworks",
				);
				MARKETING_VERSION = 1.0;
				PRODUCT_BUNDLE_IDENTIFIER = "yeojin.test.Setting-Clone-App";
				PRODUCT_NAME = "$(TARGET_NAME)";
				SWIFT_EMIT_LOC_STRINGS = YES;
				SWIFT_VERSION = 5.0;
				TARGETED_DEVICE_FAMILY = "1,2";
			};
			name = Release;
		};
		AEBD3EFA2866E239009F32B7 /* Debug */ = {
			isa = XCBuildConfiguration;
			buildSettings = {
				ALWAYS_EMBED_SWIFT_STANDARD_LIBRARIES = YES;
				BUNDLE_LOADER = "$(TEST_HOST)";
				CODE_SIGN_STYLE = Automatic;
				CURRENT_PROJECT_VERSION = 1;
				GENERATE_INFOPLIST_FILE = YES;
				IPHONEOS_DEPLOYMENT_TARGET = 15.5;
				MARKETING_VERSION = 1.0;
				PRODUCT_BUNDLE_IDENTIFIER = "yeojin.test.Setting-Clone-AppTests";
				PRODUCT_NAME = "$(TARGET_NAME)";
				SWIFT_EMIT_LOC_STRINGS = NO;
				SWIFT_VERSION = 5.0;
				TARGETED_DEVICE_FAMILY = "1,2";
				TEST_HOST = "$(BUILT_PRODUCTS_DIR)/Setting_Clone_App.app/Setting_Clone_App";
			};
			name = Debug;
		};
		AEBD3EFB2866E239009F32B7 /* Release */ = {
			isa = XCBuildConfiguration;
			buildSettings = {
				ALWAYS_EMBED_SWIFT_STANDARD_LIBRARIES = YES;
				BUNDLE_LOADER = "$(TEST_HOST)";
				CODE_SIGN_STYLE = Automatic;
				CURRENT_PROJECT_VERSION = 1;
				GENERATE_INFOPLIST_FILE = YES;
				IPHONEOS_DEPLOYMENT_TARGET = 15.5;
				MARKETING_VERSION = 1.0;
				PRODUCT_BUNDLE_IDENTIFIER = "yeojin.test.Setting-Clone-AppTests";
				PRODUCT_NAME = "$(TARGET_NAME)";
				SWIFT_EMIT_LOC_STRINGS = NO;
				SWIFT_VERSION = 5.0;
				TARGETED_DEVICE_FAMILY = "1,2";
				TEST_HOST = "$(BUILT_PRODUCTS_DIR)/Setting_Clone_App.app/Setting_Clone_App";
			};
			name = Release;
		};
		AEBD3EFD2866E239009F32B7 /* Debug */ = {
			isa = XCBuildConfiguration;
			buildSettings = {
				ALWAYS_EMBED_SWIFT_STANDARD_LIBRARIES = YES;
				CODE_SIGN_STYLE = Automatic;
				CURRENT_PROJECT_VERSION = 1;
				GENERATE_INFOPLIST_FILE = YES;
				MARKETING_VERSION = 1.0;
				PRODUCT_BUNDLE_IDENTIFIER = "yeojin.test.Setting-Clone-AppUITests";
				PRODUCT_NAME = "$(TARGET_NAME)";
				SWIFT_EMIT_LOC_STRINGS = NO;
				SWIFT_VERSION = 5.0;
				TARGETED_DEVICE_FAMILY = "1,2";
				TEST_TARGET_NAME = Setting_Clone_App;
			};
			name = Debug;
		};
		AEBD3EFE2866E239009F32B7 /* Release */ = {
			isa = XCBuildConfiguration;
			buildSettings = {
				ALWAYS_EMBED_SWIFT_STANDARD_LIBRARIES = YES;
				CODE_SIGN_STYLE = Automatic;
				CURRENT_PROJECT_VERSION = 1;
				GENERATE_INFOPLIST_FILE = YES;
				MARKETING_VERSION = 1.0;
				PRODUCT_BUNDLE_IDENTIFIER = "yeojin.test.Setting-Clone-AppUITests";
				PRODUCT_NAME = "$(TARGET_NAME)";
				SWIFT_EMIT_LOC_STRINGS = NO;
				SWIFT_VERSION = 5.0;
				TARGETED_DEVICE_FAMILY = "1,2";
				TEST_TARGET_NAME = Setting_Clone_App;
			};
			name = Release;
		};
/* End XCBuildConfiguration section */

/* Begin XCConfigurationList section */
		AEBD3EC72866E237009F32B7 /* Build configuration list for PBXProject "Setting_Clone_App" */ = {
			isa = XCConfigurationList;
			buildConfigurations = (
				AEBD3EF42866E239009F32B7 /* Debug */,
				AEBD3EF52866E239009F32B7 /* Release */,
			);
			defaultConfigurationIsVisible = 0;
			defaultConfigurationName = Release;
		};
		AEBD3EF62866E239009F32B7 /* Build configuration list for PBXNativeTarget "Setting_Clone_App" */ = {
			isa = XCConfigurationList;
			buildConfigurations = (
				AEBD3EF72866E239009F32B7 /* Debug */,
				AEBD3EF82866E239009F32B7 /* Release */,
			);
			defaultConfigurationIsVisible = 0;
			defaultConfigurationName = Release;
		};
		AEBD3EF92866E239009F32B7 /* Build configuration list for PBXNativeTarget "Setting_Clone_AppTests" */ = {
			isa = XCConfigurationList;
			buildConfigurations = (
				AEBD3EFA2866E239009F32B7 /* Debug */,
				AEBD3EFB2866E239009F32B7 /* Release */,
			);
			defaultConfigurationIsVisible = 0;
			defaultConfigurationName = Release;
		};
		AEBD3EFC2866E239009F32B7 /* Build configuration list for PBXNativeTarget "Setting_Clone_AppUITests" */ = {
			isa = XCConfigurationList;
			buildConfigurations = (
				AEBD3EFD2866E239009F32B7 /* Debug */,
				AEBD3EFE2866E239009F32B7 /* Release */,
			);
			defaultConfigurationIsVisible = 0;
			defaultConfigurationName = Release;
		};
/* End XCConfigurationList section */
	};
	rootObject = AEBD3EC42866E237009F32B7 /* Project object */;
}
