// !$*UTF8*$!
{
	archiveVersion = 1;
	classes = {
	};
	objectVersion = 55;
	objects = {

/* Begin PBXBuildFile section */
		AEBD3E762862F4D7009F32B7 /* AppDelegate.swift in Sources */ = {isa = PBXBuildFile; fileRef = AEBD3E752862F4D7009F32B7 /* AppDelegate.swift */; };
		AEBD3E782862F4D7009F32B7 /* SceneDelegate.swift in Sources */ = {isa = PBXBuildFile; fileRef = AEBD3E772862F4D7009F32B7 /* SceneDelegate.swift */; };
		AEBD3E7A2862F4D7009F32B7 /* ViewController.swift in Sources */ = {isa = PBXBuildFile; fileRef = AEBD3E792862F4D7009F32B7 /* ViewController.swift */; };
		AEBD3E7D2862F4D7009F32B7 /* Main.storyboard in Resources */ = {isa = PBXBuildFile; fileRef = AEBD3E7B2862F4D7009F32B7 /* Main.storyboard */; };
		AEBD3E7F2862F4DB009F32B7 /* Assets.xcassets in Resources */ = {isa = PBXBuildFile; fileRef = AEBD3E7E2862F4DB009F32B7 /* Assets.xcassets */; };
		AEBD3E822862F4DB009F32B7 /* LaunchScreen.storyboard in Resources */ = {isa = PBXBuildFile; fileRef = AEBD3E802862F4DB009F32B7 /* LaunchScreen.storyboard */; };
		AEBD3E8B2862FF9E009F32B7 /* DetailViewController.swift in Sources */ = {isa = PBXBuildFile; fileRef = AEBD3E892862FF9E009F32B7 /* DetailViewController.swift */; };
		AEBD3E8C2862FF9E009F32B7 /* DetailViewController.xib in Resources */ = {isa = PBXBuildFile; fileRef = AEBD3E8A2862FF9E009F32B7 /* DetailViewController.xib */; };
		AEBD3E8E28631430009F32B7 /* SegueDetailViewController.swift in Sources */ = {isa = PBXBuildFile; fileRef = AEBD3E8D28631430009F32B7 /* SegueDetailViewController.swift */; };
		AEBD3E9528643672009F32B7 /* InstanceDetailViewController.swift in Sources */ = {isa = PBXBuildFile; fileRef = AEBD3E9328643672009F32B7 /* InstanceDetailViewController.swift */; };
		AEBD3E9628643672009F32B7 /* InstanceDetailViewController.xib in Resources */ = {isa = PBXBuildFile; fileRef = AEBD3E9428643672009F32B7 /* InstanceDetailViewController.xib */; };
		AEBD3E9928643A61009F32B7 /* DelegateDetailViewController.swift in Sources */ = {isa = PBXBuildFile; fileRef = AEBD3E9728643A61009F32B7 /* DelegateDetailViewController.swift */; };
		AEBD3E9A28643A61009F32B7 /* DelegateDetailViewController.xib in Resources */ = {isa = PBXBuildFile; fileRef = AEBD3E9828643A61009F32B7 /* DelegateDetailViewController.xib */; };
		AEBD3E9D286447E7009F32B7 /* ClosureDetailViewController.swift in Sources */ = {isa = PBXBuildFile; fileRef = AEBD3E9B286447E7009F32B7 /* ClosureDetailViewController.swift */; };
		AEBD3E9E286447E7009F32B7 /* ClosureDetailViewController.xib in Resources */ = {isa = PBXBuildFile; fileRef = AEBD3E9C286447E7009F32B7 /* ClosureDetailViewController.xib */; };
		AEBD3EA128645B0B009F32B7 /* NotiDetailViewController.swift in Sources */ = {isa = PBXBuildFile; fileRef = AEBD3E9F28645B0B009F32B7 /* NotiDetailViewController.swift */; };
		AEBD3EA228645B0B009F32B7 /* NotiDetailViewController.xib in Resources */ = {isa = PBXBuildFile; fileRef = AEBD3EA028645B0B009F32B7 /* NotiDetailViewController.xib */; };
/* End PBXBuildFile section */

/* Begin PBXFileReference section */
		AEBD3E722862F4D7009F32B7 /* 20220622_AutolayOut 연습.app */ = {isa = PBXFileReference; explicitFileType = wrapper.application; includeInIndex = 0; path = "20220622_AutolayOut 연습.app"; sourceTree = BUILT_PRODUCTS_DIR; };
		AEBD3E752862F4D7009F32B7 /* AppDelegate.swift */ = {isa = PBXFileReference; lastKnownFileType = sourcecode.swift; path = AppDelegate.swift; sourceTree = "<group>"; };
		AEBD3E772862F4D7009F32B7 /* SceneDelegate.swift */ = {isa = PBXFileReference; lastKnownFileType = sourcecode.swift; path = SceneDelegate.swift; sourceTree = "<group>"; };
		AEBD3E792862F4D7009F32B7 /* ViewController.swift */ = {isa = PBXFileReference; lastKnownFileType = sourcecode.swift; path = ViewController.swift; sourceTree = "<group>"; };
		AEBD3E7C2862F4D7009F32B7 /* Base */ = {isa = PBXFileReference; lastKnownFileType = file.storyboard; name = Base; path = Base.lproj/Main.storyboard; sourceTree = "<group>"; };
		AEBD3E7E2862F4DB009F32B7 /* Assets.xcassets */ = {isa = PBXFileReference; lastKnownFileType = folder.assetcatalog; path = Assets.xcassets; sourceTree = "<group>"; };
		AEBD3E812862F4DB009F32B7 /* Base */ = {isa = PBXFileReference; lastKnownFileType = file.storyboard; name = Base; path = Base.lproj/LaunchScreen.storyboard; sourceTree = "<group>"; };
		AEBD3E832862F4DB009F32B7 /* Info.plist */ = {isa = PBXFileReference; lastKnownFileType = text.plist.xml; path = Info.plist; sourceTree = "<group>"; };
		AEBD3E892862FF9E009F32B7 /* DetailViewController.swift */ = {isa = PBXFileReference; lastKnownFileType = sourcecode.swift; path = DetailViewController.swift; sourceTree = "<group>"; };
		AEBD3E8A2862FF9E009F32B7 /* DetailViewController.xib */ = {isa = PBXFileReference; lastKnownFileType = file.xib; path = DetailViewController.xib; sourceTree = "<group>"; };
		AEBD3E8D28631430009F32B7 /* SegueDetailViewController.swift */ = {isa = PBXFileReference; lastKnownFileType = sourcecode.swift; path = SegueDetailViewController.swift; sourceTree = "<group>"; };
		AEBD3E9328643672009F32B7 /* InstanceDetailViewController.swift */ = {isa = PBXFileReference; lastKnownFileType = sourcecode.swift; path = InstanceDetailViewController.swift; sourceTree = "<group>"; };
		AEBD3E9428643672009F32B7 /* InstanceDetailViewController.xib */ = {isa = PBXFileReference; lastKnownFileType = file.xib; path = InstanceDetailViewController.xib; sourceTree = "<group>"; };
		AEBD3E9728643A61009F32B7 /* DelegateDetailViewController.swift */ = {isa = PBXFileReference; lastKnownFileType = sourcecode.swift; path = DelegateDetailViewController.swift; sourceTree = "<group>"; };
		AEBD3E9828643A61009F32B7 /* DelegateDetailViewController.xib */ = {isa = PBXFileReference; lastKnownFileType = file.xib; path = DelegateDetailViewController.xib; sourceTree = "<group>"; };
		AEBD3E9B286447E7009F32B7 /* ClosureDetailViewController.swift */ = {isa = PBXFileReference; lastKnownFileType = sourcecode.swift; path = ClosureDetailViewController.swift; sourceTree = "<group>"; };
		AEBD3E9C286447E7009F32B7 /* ClosureDetailViewController.xib */ = {isa = PBXFileReference; lastKnownFileType = file.xib; path = ClosureDetailViewController.xib; sourceTree = "<group>"; };
		AEBD3E9F28645B0B009F32B7 /* NotiDetailViewController.swift */ = {isa = PBXFileReference; lastKnownFileType = sourcecode.swift; path = NotiDetailViewController.swift; sourceTree = "<group>"; };
		AEBD3EA028645B0B009F32B7 /* NotiDetailViewController.xib */ = {isa = PBXFileReference; lastKnownFileType = file.xib; path = NotiDetailViewController.xib; sourceTree = "<group>"; };
/* End PBXFileReference section */

/* Begin PBXFrameworksBuildPhase section */
		AEBD3E6F2862F4D7009F32B7 /* Frameworks */ = {
			isa = PBXFrameworksBuildPhase;
			buildActionMask = 2147483647;
			files = (
			);
			runOnlyForDeploymentPostprocessing = 0;
		};
/* End PBXFrameworksBuildPhase section */

/* Begin PBXGroup section */
		AEBD3E692862F4D7009F32B7 = {
			isa = PBXGroup;
			children = (
				AEBD3E742862F4D7009F32B7 /* 20220622_AutolayOut 연습 */,
				AEBD3E732862F4D7009F32B7 /* Products */,
			);
			sourceTree = "<group>";
		};
		AEBD3E732862F4D7009F32B7 /* Products */ = {
			isa = PBXGroup;
			children = (
				AEBD3E722862F4D7009F32B7 /* 20220622_AutolayOut 연습.app */,
			);
			name = Products;
			sourceTree = "<group>";
		};
		AEBD3E742862F4D7009F32B7 /* 20220622_AutolayOut 연습 */ = {
			isa = PBXGroup;
			children = (
				AEBD3E752862F4D7009F32B7 /* AppDelegate.swift */,
				AEBD3E772862F4D7009F32B7 /* SceneDelegate.swift */,
				AEBD3E792862F4D7009F32B7 /* ViewController.swift */,
				AEBD3E892862FF9E009F32B7 /* DetailViewController.swift */,
				AEBD3E9328643672009F32B7 /* InstanceDetailViewController.swift */,
				AEBD3E8D28631430009F32B7 /* SegueDetailViewController.swift */,
				AEBD3E9728643A61009F32B7 /* DelegateDetailViewController.swift */,
				AEBD3E9F28645B0B009F32B7 /* NotiDetailViewController.swift */,
				AEBD3EA028645B0B009F32B7 /* NotiDetailViewController.xib */,
				AEBD3E9B286447E7009F32B7 /* ClosureDetailViewController.swift */,
				AEBD3E9C286447E7009F32B7 /* ClosureDetailViewController.xib */,
				AEBD3E9428643672009F32B7 /* InstanceDetailViewController.xib */,
				AEBD3E8A2862FF9E009F32B7 /* DetailViewController.xib */,
				AEBD3E7B2862F4D7009F32B7 /* Main.storyboard */,
				AEBD3E9828643A61009F32B7 /* DelegateDetailViewController.xib */,
				AEBD3E7E2862F4DB009F32B7 /* Assets.xcassets */,
				AEBD3E802862F4DB009F32B7 /* LaunchScreen.storyboard */,
				AEBD3E832862F4DB009F32B7 /* Info.plist */,
			);
			path = "20220622_AutolayOut 연습";
			sourceTree = "<group>";
		};
/* End PBXGroup section */

/* Begin PBXNativeTarget section */
		AEBD3E712862F4D7009F32B7 /* 20220622_AutolayOut 연습 */ = {
			isa = PBXNativeTarget;
			buildConfigurationList = AEBD3E862862F4DB009F32B7 /* Build configuration list for PBXNativeTarget "20220622_AutolayOut 연습" */;
			buildPhases = (
				AEBD3E6E2862F4D7009F32B7 /* Sources */,
				AEBD3E6F2862F4D7009F32B7 /* Frameworks */,
				AEBD3E702862F4D7009F32B7 /* Resources */,
			);
			buildRules = (
			);
			dependencies = (
			);
			name = "20220622_AutolayOut 연습";
			productName = "20220622_AutolayOut 연습";
			productReference = AEBD3E722862F4D7009F32B7 /* 20220622_AutolayOut 연습.app */;
			productType = "com.apple.product-type.application";
		};
/* End PBXNativeTarget section */

/* Begin PBXProject section */
		AEBD3E6A2862F4D7009F32B7 /* Project object */ = {
			isa = PBXProject;
			attributes = {
				BuildIndependentTargetsInParallel = 1;
				LastSwiftUpdateCheck = 1340;
				LastUpgradeCheck = 1340;
				TargetAttributes = {
					AEBD3E712862F4D7009F32B7 = {
						CreatedOnToolsVersion = 13.4.1;
					};
				};
			};
			buildConfigurationList = AEBD3E6D2862F4D7009F32B7 /* Build configuration list for PBXProject "20220622_AutolayOut 연습" */;
			compatibilityVersion = "Xcode 13.0";
			developmentRegion = en;
			hasScannedForEncodings = 0;
			knownRegions = (
				en,
				Base,
			);
			mainGroup = AEBD3E692862F4D7009F32B7;
			productRefGroup = AEBD3E732862F4D7009F32B7 /* Products */;
			projectDirPath = "";
			projectRoot = "";
			targets = (
				AEBD3E712862F4D7009F32B7 /* 20220622_AutolayOut 연습 */,
			);
		};
/* End PBXProject section */

/* Begin PBXResourcesBuildPhase section */
		AEBD3E702862F4D7009F32B7 /* Resources */ = {
			isa = PBXResourcesBuildPhase;
			buildActionMask = 2147483647;
			files = (
				AEBD3E9E286447E7009F32B7 /* ClosureDetailViewController.xib in Resources */,
				AEBD3EA228645B0B009F32B7 /* NotiDetailViewController.xib in Resources */,
				AEBD3E9A28643A61009F32B7 /* DelegateDetailViewController.xib in Resources */,
				AEBD3E822862F4DB009F32B7 /* LaunchScreen.storyboard in Resources */,
				AEBD3E7F2862F4DB009F32B7 /* Assets.xcassets in Resources */,
				AEBD3E7D2862F4D7009F32B7 /* Main.storyboard in Resources */,
				AEBD3E9628643672009F32B7 /* InstanceDetailViewController.xib in Resources */,
				AEBD3E8C2862FF9E009F32B7 /* DetailViewController.xib in Resources */,
			);
			runOnlyForDeploymentPostprocessing = 0;
		};
/* End PBXResourcesBuildPhase section */

/* Begin PBXSourcesBuildPhase section */
		AEBD3E6E2862F4D7009F32B7 /* Sources */ = {
			isa = PBXSourcesBuildPhase;
			buildActionMask = 2147483647;
			files = (
				AEBD3E7A2862F4D7009F32B7 /* ViewController.swift in Sources */,
				AEBD3E9D286447E7009F32B7 /* ClosureDetailViewController.swift in Sources */,
				AEBD3E9928643A61009F32B7 /* DelegateDetailViewController.swift in Sources */,
				AEBD3E762862F4D7009F32B7 /* AppDelegate.swift in Sources */,
				AEBD3E8E28631430009F32B7 /* SegueDetailViewController.swift in Sources */,
				AEBD3EA128645B0B009F32B7 /* NotiDetailViewController.swift in Sources */,
				AEBD3E782862F4D7009F32B7 /* SceneDelegate.swift in Sources */,
				AEBD3E9528643672009F32B7 /* InstanceDetailViewController.swift in Sources */,
				AEBD3E8B2862FF9E009F32B7 /* DetailViewController.swift in Sources */,
			);
			runOnlyForDeploymentPostprocessing = 0;
		};
/* End PBXSourcesBuildPhase section */

/* Begin PBXVariantGroup section */
		AEBD3E7B2862F4D7009F32B7 /* Main.storyboard */ = {
			isa = PBXVariantGroup;
			children = (
				AEBD3E7C2862F4D7009F32B7 /* Base */,
			);
			name = Main.storyboard;
			sourceTree = "<group>";
		};
		AEBD3E802862F4DB009F32B7 /* LaunchScreen.storyboard */ = {
			isa = PBXVariantGroup;
			children = (
				AEBD3E812862F4DB009F32B7 /* Base */,
			);
			name = LaunchScreen.storyboard;
			sourceTree = "<group>";
		};
/* End PBXVariantGroup section */

/* Begin XCBuildConfiguration section */
		AEBD3E842862F4DB009F32B7 /* Debug */ = {
			isa = XCBuildConfiguration;
			buildSettings = {
				ALWAYS_SEARCH_USER_PATHS = NO;
				CLANG_ANALYZER_NONNULL = YES;
				CLANG_ANALYZER_NUMBER_OBJECT_CONVERSION = YES_AGGRESSIVE;
				CLANG_CXX_LANGUAGE_STANDARD = "gnu++17";
				CLANG_ENABLE_MODULES = YES;
				CLANG_ENABLE_OBJC_ARC = YES;
				CLANG_ENABLE_OBJC_WEAK = YES;
				CLANG_WARN_BLOCK_CAPTURE_AUTORELEASING = YES;
				CLANG_WARN_BOOL_CONVERSION = YES;
				CLANG_WARN_COMMA = YES;
				CLANG_WARN_CONSTANT_CONVERSION = YES;
				CLANG_WARN_DEPRECATED_OBJC_IMPLEMENTATIONS = YES;
				CLANG_WARN_DIRECT_OBJC_ISA_USAGE = YES_ERROR;
				CLANG_WARN_DOCUMENTATION_COMMENTS = YES;
				CLANG_WARN_EMPTY_BODY = YES;
				CLANG_WARN_ENUM_CONVERSION = YES;
				CLANG_WARN_INFINITE_RECURSION = YES;
				CLANG_WARN_INT_CONVERSION = YES;
				CLANG_WARN_NON_LITERAL_NULL_CONVERSION = YES;
				CLANG_WARN_OBJC_IMPLICIT_RETAIN_SELF = YES;
				CLANG_WARN_OBJC_LITERAL_CONVERSION = YES;
				CLANG_WARN_OBJC_ROOT_CLASS = YES_ERROR;
				CLANG_WARN_QUOTED_INCLUDE_IN_FRAMEWORK_HEADER = YES;
				CLANG_WARN_RANGE_LOOP_ANALYSIS = YES;
				CLANG_WARN_STRICT_PROTOTYPES = YES;
				CLANG_WARN_SUSPICIOUS_MOVE = YES;
				CLANG_WARN_UNGUARDED_AVAILABILITY = YES_AGGRESSIVE;
				CLANG_WARN_UNREACHABLE_CODE = YES;
				CLANG_WARN__DUPLICATE_METHOD_MATCH = YES;
				COPY_PHASE_STRIP = NO;
				DEBUG_INFORMATION_FORMAT = dwarf;
				ENABLE_STRICT_OBJC_MSGSEND = YES;
				ENABLE_TESTABILITY = YES;
				GCC_C_LANGUAGE_STANDARD = gnu11;
				GCC_DYNAMIC_NO_PIC = NO;
				GCC_NO_COMMON_BLOCKS = YES;
				GCC_OPTIMIZATION_LEVEL = 0;
				GCC_PREPROCESSOR_DEFINITIONS = (
					"DEBUG=1",
					"$(inherited)",
				);
				GCC_WARN_64_TO_32_BIT_CONVERSION = YES;
				GCC_WARN_ABOUT_RETURN_TYPE = YES_ERROR;
				GCC_WARN_UNDECLARED_SELECTOR = YES;
				GCC_WARN_UNINITIALIZED_AUTOS = YES_AGGRESSIVE;
				GCC_WARN_UNUSED_FUNCTION = YES;
				GCC_WARN_UNUSED_VARIABLE = YES;
				IPHONEOS_DEPLOYMENT_TARGET = 15.5;
				MTL_ENABLE_DEBUG_INFO = INCLUDE_SOURCE;
				MTL_FAST_MATH = YES;
				ONLY_ACTIVE_ARCH = YES;
				SDKROOT = iphoneos;
				SWIFT_ACTIVE_COMPILATION_CONDITIONS = DEBUG;
				SWIFT_OPTIMIZATION_LEVEL = "-Onone";
			};
			name = Debug;
		};
		AEBD3E852862F4DB009F32B7 /* Release */ = {
			isa = XCBuildConfiguration;
			buildSettings = {
				ALWAYS_SEARCH_USER_PATHS = NO;
				CLANG_ANALYZER_NONNULL = YES;
				CLANG_ANALYZER_NUMBER_OBJECT_CONVERSION = YES_AGGRESSIVE;
				CLANG_CXX_LANGUAGE_STANDARD = "gnu++17";
				CLANG_ENABLE_MODULES = YES;
				CLANG_ENABLE_OBJC_ARC = YES;
				CLANG_ENABLE_OBJC_WEAK = YES;
				CLANG_WARN_BLOCK_CAPTURE_AUTORELEASING = YES;
				CLANG_WARN_BOOL_CONVERSION = YES;
				CLANG_WARN_COMMA = YES;
				CLANG_WARN_CONSTANT_CONVERSION = YES;
				CLANG_WARN_DEPRECATED_OBJC_IMPLEMENTATIONS = YES;
				CLANG_WARN_DIRECT_OBJC_ISA_USAGE = YES_ERROR;
				CLANG_WARN_DOCUMENTATION_COMMENTS = YES;
				CLANG_WARN_EMPTY_BODY = YES;
				CLANG_WARN_ENUM_CONVERSION = YES;
				CLANG_WARN_INFINITE_RECURSION = YES;
				CLANG_WARN_INT_CONVERSION = YES;
				CLANG_WARN_NON_LITERAL_NULL_CONVERSION = YES;
				CLANG_WARN_OBJC_IMPLICIT_RETAIN_SELF = YES;
				CLANG_WARN_OBJC_LITERAL_CONVERSION = YES;
				CLANG_WARN_OBJC_ROOT_CLASS = YES_ERROR;
				CLANG_WARN_QUOTED_INCLUDE_IN_FRAMEWORK_HEADER = YES;
				CLANG_WARN_RANGE_LOOP_ANALYSIS = YES;
				CLANG_WARN_STRICT_PROTOTYPES = YES;
				CLANG_WARN_SUSPICIOUS_MOVE = YES;
				CLANG_WARN_UNGUARDED_AVAILABILITY = YES_AGGRESSIVE;
				CLANG_WARN_UNREACHABLE_CODE = YES;
				CLANG_WARN__DUPLICATE_METHOD_MATCH = YES;
				COPY_PHASE_STRIP = NO;
				DEBUG_INFORMATION_FORMAT = "dwarf-with-dsym";
				ENABLE_NS_ASSERTIONS = NO;
				ENABLE_STRICT_OBJC_MSGSEND = YES;
				GCC_C_LANGUAGE_STANDARD = gnu11;
				GCC_NO_COMMON_BLOCKS = YES;
				GCC_WARN_64_TO_32_BIT_CONVERSION = YES;
				GCC_WARN_ABOUT_RETURN_TYPE = YES_ERROR;
				GCC_WARN_UNDECLARED_SELECTOR = YES;
				GCC_WARN_UNINITIALIZED_AUTOS = YES_AGGRESSIVE;
				GCC_WARN_UNUSED_FUNCTION = YES;
				GCC_WARN_UNUSED_VARIABLE = YES;
				IPHONEOS_DEPLOYMENT_TARGET = 15.5;
				MTL_ENABLE_DEBUG_INFO = NO;
				MTL_FAST_MATH = YES;
				SDKROOT = iphoneos;
				SWIFT_COMPILATION_MODE = wholemodule;
				SWIFT_OPTIMIZATION_LEVEL = "-O";
				VALIDATE_PRODUCT = YES;
			};
			name = Release;
		};
		AEBD3E872862F4DB009F32B7 /* Debug */ = {
			isa = XCBuildConfiguration;
			buildSettings = {
				ASSETCATALOG_COMPILER_APPICON_NAME = AppIcon;
				ASSETCATALOG_COMPILER_GLOBAL_ACCENT_COLOR_NAME = AccentColor;
				CODE_SIGN_STYLE = Automatic;
				CURRENT_PROJECT_VERSION = 1;
				GENERATE_INFOPLIST_FILE = YES;
				INFOPLIST_FILE = "20220622_AutolayOut 연습/Info.plist";
				INFOPLIST_KEY_UIApplicationSupportsIndirectInputEvents = YES;
				INFOPLIST_KEY_UILaunchStoryboardName = LaunchScreen;
				INFOPLIST_KEY_UIMainStoryboardFile = Main;
				INFOPLIST_KEY_UISupportedInterfaceOrientations = "UIInterfaceOrientationPortrait UIInterfaceOrientationLandscapeLeft UIInterfaceOrientationLandscapeRight";
				INFOPLIST_KEY_UISupportedInterfaceOrientations_iPad = "UIInterfaceOrientationPortrait UIInterfaceOrientationPortraitUpsideDown UIInterfaceOrientationLandscapeLeft UIInterfaceOrientationLandscapeRight";
				INFOPLIST_KEY_UISupportedInterfaceOrientations_iPhone = "UIInterfaceOrientationPortrait UIInterfaceOrientationLandscapeLeft UIInterfaceOrientationLandscapeRight";
				LD_RUNPATH_SEARCH_PATHS = (
					"$(inherited)",
					"@executable_path/Frameworks",
				);
				MARKETING_VERSION = 1.0;
				PRODUCT_BUNDLE_IDENTIFIER = "yeojin.-0220622-AutolayOut-------";
				PRODUCT_NAME = "$(TARGET_NAME)";
				SWIFT_EMIT_LOC_STRINGS = YES;
				SWIFT_VERSION = 5.0;
				TARGETED_DEVICE_FAMILY = "1,2";
			};
			name = Debug;
		};
		AEBD3E882862F4DB009F32B7 /* Release */ = {
			isa = XCBuildConfiguration;
			buildSettings = {
				ASSETCATALOG_COMPILER_APPICON_NAME = AppIcon;
				ASSETCATALOG_COMPILER_GLOBAL_ACCENT_COLOR_NAME = AccentColor;
				CODE_SIGN_STYLE = Automatic;
				CURRENT_PROJECT_VERSION = 1;
				GENERATE_INFOPLIST_FILE = YES;
				INFOPLIST_FILE = "20220622_AutolayOut 연습/Info.plist";
				INFOPLIST_KEY_UIApplicationSupportsIndirectInputEvents = YES;
				INFOPLIST_KEY_UILaunchStoryboardName = LaunchScreen;
				INFOPLIST_KEY_UIMainStoryboardFile = Main;
				INFOPLIST_KEY_UISupportedInterfaceOrientations = "UIInterfaceOrientationPortrait UIInterfaceOrientationLandscapeLeft UIInterfaceOrientationLandscapeRight";
				INFOPLIST_KEY_UISupportedInterfaceOrientations_iPad = "UIInterfaceOrientationPortrait UIInterfaceOrientationPortraitUpsideDown UIInterfaceOrientationLandscapeLeft UIInterfaceOrientationLandscapeRight";
				INFOPLIST_KEY_UISupportedInterfaceOrientations_iPhone = "UIInterfaceOrientationPortrait UIInterfaceOrientationLandscapeLeft UIInterfaceOrientationLandscapeRight";
				LD_RUNPATH_SEARCH_PATHS = (
					"$(inherited)",
					"@executable_path/Frameworks",
				);
				MARKETING_VERSION = 1.0;
				PRODUCT_BUNDLE_IDENTIFIER = "yeojin.-0220622-AutolayOut-------";
				PRODUCT_NAME = "$(TARGET_NAME)";
				SWIFT_EMIT_LOC_STRINGS = YES;
				SWIFT_VERSION = 5.0;
				TARGETED_DEVICE_FAMILY = "1,2";
			};
			name = Release;
		};
/* End XCBuildConfiguration section */

/* Begin XCConfigurationList section */
		AEBD3E6D2862F4D7009F32B7 /* Build configuration list for PBXProject "20220622_AutolayOut 연습" */ = {
			isa = XCConfigurationList;
			buildConfigurations = (
				AEBD3E842862F4DB009F32B7 /* Debug */,
				AEBD3E852862F4DB009F32B7 /* Release */,
			);
			defaultConfigurationIsVisible = 0;
			defaultConfigurationName = Release;
		};
		AEBD3E862862F4DB009F32B7 /* Build configuration list for PBXNativeTarget "20220622_AutolayOut 연습" */ = {
			isa = XCConfigurationList;
			buildConfigurations = (
				AEBD3E872862F4DB009F32B7 /* Debug */,
				AEBD3E882862F4DB009F32B7 /* Release */,
			);
			defaultConfigurationIsVisible = 0;
			defaultConfigurationName = Release;
		};
/* End XCConfigurationList section */
	};
	rootObject = AEBD3E6A2862F4D7009F32B7 /* Project object */;
}
